mellium.im/reader v0.1.0 h1:UUEMev16gdvaxxZC7fC08j7IzuDKh310nB6BlwnxTww=
mellium.im/reader v0.1.0/go.mod h1:F+X5HXpkIfJ9EE1zHQG9lM/hO946iYAmU7xjg5dsQHI=
mellium.im/xmlstream v0.15.2 h1:RleOK10lEsVtzpEZsJeRl4Iu0iC5SQnTQIGJZ7ZHGEc=
mellium.im/xmlstream v0.15.2/go.mod h1:7SUlP7f2qnMczK+Cu/OFgqaIhldMolVjo8np7xG41D0=
